
Microsoft Visual Studio Solution File, Format Version 12.00
# Visual Studio 15
VisualStudioVersion = 15.0.27130.2036
MinimumVisualStudioVersion = 10.0.40219.1
Project("{FAE04EC0-301F-11D3-BF4B-00C04F79EFBC}") = "Termpaper[Sp18]", "Termpaper[Sp18]\Termpaper[Sp18].csproj", "{210F16E0-EE4C-491F-8787-A665F13FA881}"
EndProject
Global
	GlobalSection(SolutionConfigurationPlatforms) = preSolution
		Debug|Any CPU = Debug|Any CPU
		Release|Any CPU = Release|Any CPU
	EndGlobalSection
	GlobalSection(ProjectConfigurationPlatforms) = postSolution
		{210F16E0-EE4C-491F-8787-A665F13FA881}.Debug|Any CPU.ActiveCfg = Debug|Any CPU
		{210F16E0-EE4C-491F-8787-A665F13FA881}.Debug|Any CPU.Build.0 = Debug|Any CPU
		{210F16E0-EE4C-491F-8787-A665F13FA881}.Release|Any CPU.ActiveCfg = Release|Any CPU
		{210F16E0-EE4C-491F-8787-A665F13FA881}.Release|Any CPU.Build.0 = Release|Any CPU
	EndGlobalSection
	GlobalSection(SolutionProperties) = preSolution
		HideSolutionNode = FALSE
	EndGlobalSection
	GlobalSection(ExtensibilityGlobals) = postSolution
		SolutionGuid = {2BE0E134-AF7E-4D24-BA6C-3F07E33C135F}
	EndGlobalSection
EndGlobal
